// !$*UTF8*$!
{
	archiveVersion = 1;
	classes = {
	};
	objectVersion = 50;
	objects = {

/* Begin PBXBuildFile section */
		523C86A42199E39E00284C90 /* MealTableViewCell.swift in Sources */ = {isa = PBXBuildFile; fileRef = 523C86A32199E39E00284C90 /* MealTableViewCell.swift */; };
		523C86A62199EA0800284C90 /* MealTableViewController.swift in Sources */ = {isa = PBXBuildFile; fileRef = 523C86A52199EA0800284C90 /* MealTableViewController.swift */; };
		5242BB242198C9F600A94764 /* AppDelegate.swift in Sources */ = {isa = PBXBuildFile; fileRef = 5242BB232198C9F600A94764 /* AppDelegate.swift */; };
		5242BB262198C9F600A94764 /* MealViewController.swift in Sources */ = {isa = PBXBuildFile; fileRef = 5242BB252198C9F600A94764 /* MealViewController.swift */; };
		5242BB292198C9F600A94764 /* Main.storyboard in Resources */ = {isa = PBXBuildFile; fileRef = 5242BB272198C9F600A94764 /* Main.storyboard */; };
		5242BB2B2198C9F800A94764 /* Assets.xcassets in Resources */ = {isa = PBXBuildFile; fileRef = 5242BB2A2198C9F800A94764 /* Assets.xcassets */; };
		5242BB2E2198C9F800A94764 /* LaunchScreen.storyboard in Resources */ = {isa = PBXBuildFile; fileRef = 5242BB2C2198C9F800A94764 /* LaunchScreen.storyboard */; };
		5242BB392198C9F800A94764 /* FoodTrackerTests.swift in Sources */ = {isa = PBXBuildFile; fileRef = 5242BB382198C9F800A94764 /* FoodTrackerTests.swift */; };
		5242BB442198F1E200A94764 /* RatingControl.swift in Sources */ = {isa = PBXBuildFile; fileRef = 5242BB432198F1E200A94764 /* RatingControl.swift */; };
		529C395E219918580083002A /* Meal.swift in Sources */ = {isa = PBXBuildFile; fileRef = 529C395D219918580083002A /* Meal.swift */; };
/* End PBXBuildFile section */

/* Begin PBXContainerItemProxy section */
		5242BB352198C9F800A94764 /* PBXContainerItemProxy */ = {
			isa = PBXContainerItemProxy;
			containerPortal = 5242BB182198C9F600A94764 /* Project object */;
			proxyType = 1;
			remoteGlobalIDString = 5242BB1F2198C9F600A94764;
			remoteInfo = FoodTracker;
		};
/* End PBXContainerItemProxy section */

/* Begin PBXFileReference section */
		523C86A32199E39E00284C90 /* MealTableViewCell.swift */ = {isa = PBXFileReference; lastKnownFileType = sourcecode.swift; path = MealTableViewCell.swift; sourceTree = "<group>"; };
		523C86A52199EA0800284C90 /* MealTableViewController.swift */ = {isa = PBXFileReference; lastKnownFileType = sourcecode.swift; path = MealTableViewController.swift; sourceTree = "<group>"; };
		5242BB202198C9F600A94764 /* FoodTracker.app */ = {isa = PBXFileReference; explicitFileType = wrapper.application; includeInIndex = 0; path = FoodTracker.app; sourceTree = BUILT_PRODUCTS_DIR; };
		5242BB232198C9F600A94764 /* AppDelegate.swift */ = {isa = PBXFileReference; lastKnownFileType = sourcecode.swift; path = AppDelegate.swift; sourceTree = "<group>"; };
		5242BB252198C9F600A94764 /* MealViewController.swift */ = {isa = PBXFileReference; lastKnownFileType = sourcecode.swift; path = MealViewController.swift; sourceTree = "<group>"; };
		5242BB282198C9F600A94764 /* Base */ = {isa = PBXFileReference; lastKnownFileType = file.storyboard; name = Base; path = Base.lproj/Main.storyboard; sourceTree = "<group>"; };
		5242BB2A2198C9F800A94764 /* Assets.xcassets */ = {isa = PBXFileReference; lastKnownFileType = folder.assetcatalog; path = Assets.xcassets; sourceTree = "<group>"; };
		5242BB2D2198C9F800A94764 /* Base */ = {isa = PBXFileReference; lastKnownFileType = file.storyboard; name = Base; path = Base.lproj/LaunchScreen.storyboard; sourceTree = "<group>"; };
		5242BB2F2198C9F800A94764 /* Info.plist */ = {isa = PBXFileReference; lastKnownFileType = text.plist.xml; path = Info.plist; sourceTree = "<group>"; };
		5242BB342198C9F800A94764 /* FoodTrackerTests.xctest */ = {isa = PBXFileReference; explicitFileType = wrapper.cfbundle; includeInIndex = 0; path = FoodTrackerTests.xctest; sourceTree = BUILT_PRODUCTS_DIR; };
		5242BB382198C9F800A94764 /* FoodTrackerTests.swift */ = {isa = PBXFileReference; lastKnownFileType = sourcecode.swift; path = FoodTrackerTests.swift; sourceTree = "<group>"; };
		5242BB3A2198C9F800A94764 /* Info.plist */ = {isa = PBXFileReference; lastKnownFileType = text.plist.xml; path = Info.plist; sourceTree = "<group>"; };
		5242BB432198F1E200A94764 /* RatingControl.swift */ = {isa = PBXFileReference; lastKnownFileType = sourcecode.swift; path = RatingControl.swift; sourceTree = "<group>"; };
		529C395D219918580083002A /* Meal.swift */ = {isa = PBXFileReference; lastKnownFileType = sourcecode.swift; path = Meal.swift; sourceTree = "<group>"; };
/* End PBXFileReference section */

/* Begin PBXFrameworksBuildPhase section */
		5242BB1D2198C9F600A94764 /* Frameworks */ = {
			isa = PBXFrameworksBuildPhase;
			buildActionMask = 2147483647;
			files = (
			);
			runOnlyForDeploymentPostprocessing = 0;
		};
		5242BB312198C9F800A94764 /* Frameworks */ = {
			isa = PBXFrameworksBuildPhase;
			buildActionMask = 2147483647;
			files = (
			);
			runOnlyForDeploymentPostprocessing = 0;
		};
/* End PBXFrameworksBuildPhase section */

/* Begin PBXGroup section */
		5242BB172198C9F600A94764 = {
			isa = PBXGroup;
			children = (
				5242BB222198C9F600A94764 /* FoodTracker */,
				5242BB372198C9F800A94764 /* FoodTrackerTests */,
				5242BB212198C9F600A94764 /* Products */,
			);
			sourceTree = "<group>";
		};
		5242BB212198C9F600A94764 /* Products */ = {
			isa = PBXGroup;
			children = (
				5242BB202198C9F600A94764 /* FoodTracker.app */,
				5242BB342198C9F800A94764 /* FoodTrackerTests.xctest */,
			);
			name = Products;
			sourceTree = "<group>";
		};
		5242BB222198C9F600A94764 /* FoodTracker */ = {
			isa = PBXGroup;
			children = (
				5242BB232198C9F600A94764 /* AppDelegate.swift */,
				5242BB252198C9F600A94764 /* MealViewController.swift */,
				5242BB432198F1E200A94764 /* RatingControl.swift */,
				523C86A32199E39E00284C90 /* MealTableViewCell.swift */,
				523C86A52199EA0800284C90 /* MealTableViewController.swift */,
				529C395D219918580083002A /* Meal.swift */,
				5242BB272198C9F600A94764 /* Main.storyboard */,
				5242BB2A2198C9F800A94764 /* Assets.xcassets */,
				5242BB2C2198C9F800A94764 /* LaunchScreen.storyboard */,
				5242BB2F2198C9F800A94764 /* Info.plist */,
			);
			path = FoodTracker;
			sourceTree = "<group>";
		};
		5242BB372198C9F800A94764 /* FoodTrackerTests */ = {
			isa = PBXGroup;
			children = (
				5242BB382198C9F800A94764 /* FoodTrackerTests.swift */,
				5242BB3A2198C9F800A94764 /* Info.plist */,
			);
			path = FoodTrackerTests;
			sourceTree = "<group>";
		};
/* End PBXGroup section */

/* Begin PBXNativeTarget section */
		5242BB1F2198C9F600A94764 /* FoodTracker */ = {
			isa = PBXNativeTarget;
			buildConfigurationList = 5242BB3D2198C9F800A94764 /* Build configuration list for PBXNativeTarget "FoodTracker" */;
			buildPhases = (
				5242BB1C2198C9F600A94764 /* Sources */,
				5242BB1D2198C9F600A94764 /* Frameworks */,
				5242BB1E2198C9F600A94764 /* Resources */,
			);
			buildRules = (
			);
			dependencies = (
			);
			name = FoodTracker;
			productName = FoodTracker;
			productReference = 5242BB202198C9F600A94764 /* FoodTracker.app */;
			productType = "com.apple.product-type.application";
		};
		5242BB332198C9F800A94764 /* FoodTrackerTests */ = {
			isa = PBXNativeTarget;
			buildConfigurationList = 5242BB402198C9F800A94764 /* Build configuration list for PBXNativeTarget "FoodTrackerTests" */;
			buildPhases = (
				5242BB302198C9F800A94764 /* Sources */,
				5242BB312198C9F800A94764 /* Frameworks */,
				5242BB322198C9F800A94764 /* Resources */,
			);
			buildRules = (
			);
			dependencies = (
				5242BB362198C9F800A94764 /* PBXTargetDependency */,
			);
			name = FoodTrackerTests;
			productName = FoodTrackerTests;
			productReference = 5242BB342198C9F800A94764 /* FoodTrackerTests.xctest */;
			productType = "com.apple.product-type.bundle.unit-test";
		};
/* End PBXNativeTarget section */

/* Begin PBXProject section */
		5242BB182198C9F600A94764 /* Project object */ = {
			isa = PBXProject;
			attributes = {
				LastSwiftUpdateCheck = 1010;
				LastUpgradeCheck = 1010;
				ORGANIZATIONNAME = ProObject;
				TargetAttributes = {
					5242BB1F2198C9F600A94764 = {
						CreatedOnToolsVersion = 10.1;
					};
					5242BB332198C9F800A94764 = {
						CreatedOnToolsVersion = 10.1;
						TestTargetID = 5242BB1F2198C9F600A94764;
					};
				};
			};
			buildConfigurationList = 5242BB1B2198C9F600A94764 /* Build configuration list for PBXProject "FoodTracker" */;
			compatibilityVersion = "Xcode 9.3";
			developmentRegion = en;
			hasScannedForEncodings = 0;
			knownRegions = (
				en,
				Base,
			);
			mainGroup = 5242BB172198C9F600A94764;
			productRefGroup = 5242BB212198C9F600A94764 /* Products */;
			projectDirPath = "";
			projectRoot = "";
			targets = (
				5242BB1F2198C9F600A94764 /* FoodTracker */,
				5242BB332198C9F800A94764 /* FoodTrackerTests */,
			);
		};
/* End PBXProject section */

/* Begin PBXResourcesBuildPhase section */
		5242BB1E2198C9F600A94764 /* Resources */ = {
			isa = PBXResourcesBuildPhase;
			buildActionMask = 2147483647;
			files = (
				5242BB2E2198C9F800A94764 /* LaunchScreen.storyboard in Resources */,
				5242BB2B2198C9F800A94764 /* Assets.xcassets in Resources */,
				5242BB292198C9F600A94764 /* Main.storyboard in Resources */,
			);
			runOnlyForDeploymentPostprocessing = 0;
		};
		5242BB322198C9F800A94764 /* Resources */ = {
			isa = PBXResourcesBuildPhase;
			buildActionMask = 2147483647;
			files = (
			);
			runOnlyForDeploymentPostprocessing = 0;
		};
/* End PBXResourcesBuildPhase section */

/* Begin PBXSourcesBuildPhase section */
		5242BB1C2198C9F600A94764 /* Sources */ = {
			isa = PBXSourcesBuildPhase;
			buildActionMask = 2147483647;
			files = (
				529C395E219918580083002A /* Meal.swift in Sources */,
				5242BB262198C9F600A94764 /* MealViewController.swift in Sources */,
				5242BB442198F1E200A94764 /* RatingControl.swift in Sources */,
				5242BB242198C9F600A94764 /* AppDelegate.swift in Sources */,
				523C86A62199EA0800284C90 /* MealTableViewController.swift in Sources */,
				523C86A42199E39E00284C90 /* MealTableViewCell.swift in Sources */,
			);
			runOnlyForDeploymentPostprocessing = 0;
		};
		5242BB302198C9F800A94764 /* Sources */ = {
			isa = PBXSourcesBuildPhase;
			buildActionMask = 2147483647;
			files = (
				5242BB392198C9F800A94764 /* FoodTrackerTests.swift in Sources */,
			);
			runOnlyForDeploymentPostprocessing = 0;
		};
/* End PBXSourcesBuildPhase section */

/* Begin PBXTargetDependency section */
		5242BB362198C9F800A94764 /* PBXTargetDependency */ = {
			isa = PBXTargetDependency;
			target = 5242BB1F2198C9F600A94764 /* FoodTracker */;
			targetProxy = 5242BB352198C9F800A94764 /* PBXContainerItemProxy */;
		};
/* End PBXTargetDependency section */

/* Begin PBXVariantGroup section */
		5242BB272198C9F600A94764 /* Main.storyboard */ = {
			isa = PBXVariantGroup;
			children = (
				5242BB282198C9F600A94764 /* Base */,
			);
			name = Main.storyboard;
			sourceTree = "<group>";
		};
		5242BB2C2198C9F800A94764 /* LaunchScreen.storyboard */ = {
			isa = PBXVariantGroup;
			children = (
				5242BB2D2198C9F800A94764 /* Base */,
			);
			name = LaunchScreen.storyboard;
			sourceTree = "<group>";
		};
/* End PBXVariantGroup section */

/* Begin XCBuildConfiguration section */
		5242BB3B2198C9F800A94764 /* Debug */ = {
			isa = XCBuildConfiguration;
			buildSettings = {
				ALWAYS_SEARCH_USER_PATHS = NO;
				CLANG_ANALYZER_NONNULL = YES;
				CLANG_ANALYZER_NUMBER_OBJECT_CONVERSION = YES_AGGRESSIVE;
				CLANG_CXX_LANGUAGE_STANDARD = "gnu++14";
				CLANG_CXX_LIBRARY = "libc++";
				CLANG_ENABLE_MODULES = YES;
				CLANG_ENABLE_OBJC_ARC = YES;
				CLANG_ENABLE_OBJC_WEAK = YES;
				CLANG_WARN_BLOCK_CAPTURE_AUTORELEASING = YES;
				CLANG_WARN_BOOL_CONVERSION = YES;
				CLANG_WARN_COMMA = YES;
				CLANG_WARN_CONSTANT_CONVERSION = YES;
				CLANG_WARN_DEPRECATED_OBJC_IMPLEMENTATIONS = YES;
				CLANG_WARN_DIRECT_OBJC_ISA_USAGE = YES_ERROR;
				CLANG_WARN_DOCUMENTATION_COMMENTS = YES;
				CLANG_WARN_EMPTY_BODY = YES;
				CLANG_WARN_ENUM_CONVERSION = YES;
				CLANG_WARN_INFINITE_RECURSION = YES;
				CLANG_WARN_INT_CONVERSION = YES;
				CLANG_WARN_NON_LITERAL_NULL_CONVERSION = YES;
				CLANG_WARN_OBJC_IMPLICIT_RETAIN_SELF = YES;
				CLANG_WARN_OBJC_LITERAL_CONVERSION = YES;
				CLANG_WARN_OBJC_ROOT_CLASS = YES_ERROR;
				CLANG_WARN_RANGE_LOOP_ANALYSIS = YES;
				CLANG_WARN_STRICT_PROTOTYPES = YES;
				CLANG_WARN_SUSPICIOUS_MOVE = YES;
				CLANG_WARN_UNGUARDED_AVAILABILITY = YES_AGGRESSIVE;
				CLANG_WARN_UNREACHABLE_CODE = YES;
				CLANG_WARN__DUPLICATE_METHOD_MATCH = YES;
				CODE_SIGN_IDENTITY = "iPhone Developer";
				COPY_PHASE_STRIP = NO;
				DEBUG_INFORMATION_FORMAT = dwarf;
				ENABLE_STRICT_OBJC_MSGSEND = YES;
				ENABLE_TESTABILITY = YES;
				GCC_C_LANGUAGE_STANDARD = gnu11;
				GCC_DYNAMIC_NO_PIC = NO;
				GCC_NO_COMMON_BLOCKS = YES;
				GCC_OPTIMIZATION_LEVEL = 0;
				GCC_PREPROCESSOR_DEFINITIONS = (
					"DEBUG=1",
					"$(inherited)",
				);
				GCC_WARN_64_TO_32_BIT_CONVERSION = YES;
				GCC_WARN_ABOUT_RETURN_TYPE = YES_ERROR;
				GCC_WARN_UNDECLARED_SELECTOR = YES;
				GCC_WARN_UNINITIALIZED_AUTOS = YES_AGGRESSIVE;
				GCC_WARN_UNUSED_FUNCTION = YES;
				GCC_WARN_UNUSED_VARIABLE = YES;
				IPHONEOS_DEPLOYMENT_TARGET = 12.1;
				MTL_ENABLE_DEBUG_INFO = INCLUDE_SOURCE;
				MTL_FAST_MATH = YES;
				ONLY_ACTIVE_ARCH = YES;
				SDKROOT = iphoneos;
				SWIFT_ACTIVE_COMPILATION_CONDITIONS = DEBUG;
				SWIFT_OPTIMIZATION_LEVEL = "-Onone";
			};
			name = Debug;
		};
		5242BB3C2198C9F800A94764 /* Release */ = {
			isa = XCBuildConfiguration;
			buildSettings = {
				ALWAYS_SEARCH_USER_PATHS = NO;
				CLANG_ANALYZER_NONNULL = YES;
				CLANG_ANALYZER_NUMBER_OBJECT_CONVERSION = YES_AGGRESSIVE;
				CLANG_CXX_LANGUAGE_STANDARD = "gnu++14";
				CLANG_CXX_LIBRARY = "libc++";
				CLANG_ENABLE_MODULES = YES;
				CLANG_ENABLE_OBJC_ARC = YES;
				CLANG_ENABLE_OBJC_WEAK = YES;
				CLANG_WARN_BLOCK_CAPTURE_AUTORELEASING = YES;
				CLANG_WARN_BOOL_CONVERSION = YES;
				CLANG_WARN_COMMA = YES;
				CLANG_WARN_CONSTANT_CONVERSION = YES;
				CLANG_WARN_DEPRECATED_OBJC_IMPLEMENTATIONS = YES;
				CLANG_WARN_DIRECT_OBJC_ISA_USAGE = YES_ERROR;
				CLANG_WARN_DOCUMENTATION_COMMENTS = YES;
				CLANG_WARN_EMPTY_BODY = YES;
				CLANG_WARN_ENUM_CONVERSION = YES;
				CLANG_WARN_INFINITE_RECURSION = YES;
				CLANG_WARN_INT_CONVERSION = YES;
				CLANG_WARN_NON_LITERAL_NULL_CONVERSION = YES;
				CLANG_WARN_OBJC_IMPLICIT_RETAIN_SELF = YES;
				CLANG_WARN_OBJC_LITERAL_CONVERSION = YES;
				CLANG_WARN_OBJC_ROOT_CLASS = YES_ERROR;
				CLANG_WARN_RANGE_LOOP_ANALYSIS = YES;
				CLANG_WARN_STRICT_PROTOTYPES = YES;
				CLANG_WARN_SUSPICIOUS_MOVE = YES;
				CLANG_WARN_UNGUARDED_AVAILABILITY = YES_AGGRESSIVE;
				CLANG_WARN_UNREACHABLE_CODE = YES;
				CLANG_WARN__DUPLICATE_METHOD_MATCH = YES;
				CODE_SIGN_IDENTITY = "iPhone Developer";
				COPY_PHASE_STRIP = NO;
				DEBUG_INFORMATION_FORMAT = "dwarf-with-dsym";
				ENABLE_NS_ASSERTIONS = NO;
				ENABLE_STRICT_OBJC_MSGSEND = YES;
				GCC_C_LANGUAGE_STANDARD = gnu11;
				GCC_NO_COMMON_BLOCKS = YES;
				GCC_WARN_64_TO_32_BIT_CONVERSION = YES;
				GCC_WARN_ABOUT_RETURN_TYPE = YES_ERROR;
				GCC_WARN_UNDECLARED_SELECTOR = YES;
				GCC_WARN_UNINITIALIZED_AUTOS = YES_AGGRESSIVE;
				GCC_WARN_UNUSED_FUNCTION = YES;
				GCC_WARN_UNUSED_VARIABLE = YES;
				IPHONEOS_DEPLOYMENT_TARGET = 12.1;
				MTL_ENABLE_DEBUG_INFO = NO;
				MTL_FAST_MATH = YES;
				SDKROOT = iphoneos;
				SWIFT_COMPILATION_MODE = wholemodule;
				SWIFT_OPTIMIZATION_LEVEL = "-O";
				VALIDATE_PRODUCT = YES;
			};
			name = Release;
		};
		5242BB3E2198C9F800A94764 /* Debug */ = {
			isa = XCBuildConfiguration;
			buildSettings = {
				ASSETCATALOG_COMPILER_APPICON_NAME = AppIcon;
				CODE_SIGN_STYLE = Automatic;
				DEVELOPMENT_TEAM = M364Z7EC36;
				INFOPLIST_FILE = FoodTracker/Info.plist;
				LD_RUNPATH_SEARCH_PATHS = (
					"$(inherited)",
					"@executable_path/Frameworks",
				);
				PRODUCT_BUNDLE_IDENTIFIER = com.ProObject.FoodTracker;
				PRODUCT_NAME = "$(TARGET_NAME)";
				SWIFT_VERSION = 4.2;
				TARGETED_DEVICE_FAMILY = "1,2";
			};
			name = Debug;
		};
		5242BB3F2198C9F800A94764 /* Release */ = {
			isa = XCBuildConfiguration;
			buildSettings = {
				ASSETCATALOG_COMPILER_APPICON_NAME = AppIcon;
				CODE_SIGN_STYLE = Automatic;
				DEVELOPMENT_TEAM = M364Z7EC36;
				INFOPLIST_FILE = FoodTracker/Info.plist;
				LD_RUNPATH_SEARCH_PATHS = (
					"$(inherited)",
					"@executable_path/Frameworks",
				);
				PRODUCT_BUNDLE_IDENTIFIER = com.ProObject.FoodTracker;
				PRODUCT_NAME = "$(TARGET_NAME)";
				SWIFT_VERSION = 4.2;
				TARGETED_DEVICE_FAMILY = "1,2";
			};
			name = Release;
		};
		5242BB412198C9F800A94764 /* Debug */ = {
			isa = XCBuildConfiguration;
			buildSettings = {
				ALWAYS_EMBED_SWIFT_STANDARD_LIBRARIES = YES;
				BUNDLE_LOADER = "$(TEST_HOST)";
				CODE_SIGN_STYLE = Automatic;
				DEVELOPMENT_TEAM = M364Z7EC36;
				INFOPLIST_FILE = FoodTrackerTests/Info.plist;
				LD_RUNPATH_SEARCH_PATHS = (
					"$(inherited)",
					"@executable_path/Frameworks",
					"@loader_path/Frameworks",
				);
				PRODUCT_BUNDLE_IDENTIFIER = com.ProObject.FoodTrackerTests;
				PRODUCT_NAME = "$(TARGET_NAME)";
				SWIFT_VERSION = 4.2;
				TARGETED_DEVICE_FAMILY = "1,2";
				TEST_HOST = "$(BUILT_PRODUCTS_DIR)/FoodTracker.app/FoodTracker";
			};
			name = Debug;
		};
		5242BB422198C9F800A94764 /* Release */ = {
			isa = XCBuildConfiguration;
			buildSettings = {
				ALWAYS_EMBED_SWIFT_STANDARD_LIBRARIES = YES;
				BUNDLE_LOADER = "$(TEST_HOST)";
				CODE_SIGN_STYLE = Automatic;
				DEVELOPMENT_TEAM = M364Z7EC36;
				INFOPLIST_FILE = FoodTrackerTests/Info.plist;
				LD_RUNPATH_SEARCH_PATHS = (
					"$(inherited)",
					"@executable_path/Frameworks",
					"@loader_path/Frameworks",
				);
				PRODUCT_BUNDLE_IDENTIFIER = com.ProObject.FoodTrackerTests;
				PRODUCT_NAME = "$(TARGET_NAME)";
				SWIFT_VERSION = 4.2;
				TARGETED_DEVICE_FAMILY = "1,2";
				TEST_HOST = "$(BUILT_PRODUCTS_DIR)/FoodTracker.app/FoodTracker";
			};
			name = Release;
		};
/* End XCBuildConfiguration section */

/* Begin XCConfigurationList section */
		5242BB1B2198C9F600A94764 /* Build configuration list for PBXProject "FoodTracker" */ = {
			isa = XCConfigurationList;
			buildConfigurations = (
				5242BB3B2198C9F800A94764 /* Debug */,
				5242BB3C2198C9F800A94764 /* Release */,
			);
			defaultConfigurationIsVisible = 0;
			defaultConfigurationName = Release;
		};
		5242BB3D2198C9F800A94764 /* Build configuration list for PBXNativeTarget "FoodTracker" */ = {
			isa = XCConfigurationList;
			buildConfigurations = (
				5242BB3E2198C9F800A94764 /* Debug */,
				5242BB3F2198C9F800A94764 /* Release */,
			);
			defaultConfigurationIsVisible = 0;
			defaultConfigurationName = Release;
		};
		5242BB402198C9F800A94764 /* Build configuration list for PBXNativeTarget "FoodTrackerTests" */ = {
			isa = XCConfigurationList;
			buildConfigurations = (
				5242BB412198C9F800A94764 /* Debug */,
				5242BB422198C9F800A94764 /* Release */,
			);
			defaultConfigurationIsVisible = 0;
			defaultConfigurationName = Release;
		};
/* End XCConfigurationList section */
	};
	rootObject = 5242BB182198C9F600A94764 /* Project object */;
}
